
Microsoft Visual Studio Solution File, Format Version 12.00
# Visual Studio Version 17
VisualStudioVersion = 17.11.35303.130
MinimumVisualStudioVersion = 10.0.40219.1
Project("{2150E333-8FDC-42A3-9474-1A3956D46DE8}") = "Task0", "Task0", "{1E58670A-737E-4536-A4B5-A68B9C8A6F4F}"
EndProject
Project("{9A19103F-16F7-4668-BE54-9A1E7A4F7556}") = "Tyuiu.PopovaAA.Sprint5.Task0.V1", "Tyuiu.PopovaAA.Sprint5.Task0.V1\Tyuiu.PopovaAA.Sprint5.Task0.V1.csproj", "{59DE01F9-1E20-4D2A-BFA6-29142046BBE3}"
EndProject
Project("{9A19103F-16F7-4668-BE54-9A1E7A4F7556}") = "Tyuiu.PopovaAA.Sprint5.Task0.V1.Lib", "Tyuiu.PopovaAA.Sprint5.Task0.V1.Lib\Tyuiu.PopovaAA.Sprint5.Task0.V1.Lib.csproj", "{3D24E4C2-535D-44CB-8070-804E0AF2B752}"
EndProject
Project("{9A19103F-16F7-4668-BE54-9A1E7A4F7556}") = "Tyuiu.PopovaAA.Sprint5.Task0.V1.Test", "Tyuiu.PopovaAA.Sprint5.Task0.V1.Test\Tyuiu.PopovaAA.Sprint5.Task0.V1.Test.csproj", "{A9B17F73-E82A-4EE4-A2E7-88B76836147C}"
EndProject
Project("{2150E333-8FDC-42A3-9474-1A3956D46DE8}") = "Task1", "Task1", "{AAB2BEA8-FC56-4660-90C4-5503C2BFE1D1}"
EndProject
Project("{9A19103F-16F7-4668-BE54-9A1E7A4F7556}") = "Tyuiu.PopovaAA.Sprint5.Task1.V24", "Tyuiu.PopovaAA.Sprint5.Task1.V24\Tyuiu.PopovaAA.Sprint5.Task1.V24.csproj", "{36790D86-5B15-41B2-91F2-AC06A13AE91A}"
EndProject
Project("{9A19103F-16F7-4668-BE54-9A1E7A4F7556}") = "Tyuiu.PopovaAA.Sprint5.Task1.V24.Lib", "Tyuiu.PopovaAA.Sprint5.Task1.V24.Lib\Tyuiu.PopovaAA.Sprint5.Task1.V24.Lib.csproj", "{7A6A4F07-51BD-48BC-B09F-DB58F6FC049D}"
EndProject
Project("{9A19103F-16F7-4668-BE54-9A1E7A4F7556}") = "Tyuiu.PopovaAA.Sprint5.Task1.V24.Test", "Tyuiu.PopovaAA.Sprint5.Task1.V24.Test\Tyuiu.PopovaAA.Sprint5.Task1.V24.Test.csproj", "{C888E4E3-3405-475E-AA09-E5A67A966953}"
EndProject
Project("{2150E333-8FDC-42A3-9474-1A3956D46DE8}") = "Task2", "Task2", "{54364C0C-A8B1-4632-8864-9618F1E7A09D}"
EndProject
Project("{9A19103F-16F7-4668-BE54-9A1E7A4F7556}") = "Tyuiu.PopovaAA.Sprint5.Task2.V30", "Tyuiu.PopovaAA.Sprint5.Task2.V30\Tyuiu.PopovaAA.Sprint5.Task2.V30.csproj", "{DAAB24F5-4675-4B16-8DF9-0245593B8F51}"
EndProject
Project("{9A19103F-16F7-4668-BE54-9A1E7A4F7556}") = "Tyuiu.PopovaAA.Sprint5.Task2.V30.Lib", "Tyuiu.PopovaAA.Sprint5.Task2.V30.Lib\Tyuiu.PopovaAA.Sprint5.Task2.V30.Lib.csproj", "{1FF28965-29A5-4008-A355-E35A4ADB0FF8}"
EndProject
Project("{9A19103F-16F7-4668-BE54-9A1E7A4F7556}") = "Tyuiu.PopovaAA.Sprint5.Task2.V30.Test", "Tyuiu.PopovaAA.Sprint5.Task2.V30.Test\Tyuiu.PopovaAA.Sprint5.Task2.V30.Test.csproj", "{C0958744-BEED-4A43-9CFB-B72AD0E867F0}"
EndProject
Project("{2150E333-8FDC-42A3-9474-1A3956D46DE8}") = "Task3", "Task3", "{5000681D-ECE8-4756-8E32-0B890CE6E9AD}"
EndProject
Project("{9A19103F-16F7-4668-BE54-9A1E7A4F7556}") = "Tyuiu.PopovaAA.Sprint5.Task3.V22", "Tyuiu.PopovaAA.Sprint5.Task3.V22\Tyuiu.PopovaAA.Sprint5.Task3.V22.csproj", "{49F2B4C4-5AAA-4C41-A338-554280DCA423}"
EndProject
Project("{9A19103F-16F7-4668-BE54-9A1E7A4F7556}") = "Tyuiu.PopovaAA.Sprint5.Task3.V22.Lib", "Tyuiu.PopovaAA.Sprint5.Task3.V22.Lib\Tyuiu.PopovaAA.Sprint5.Task3.V22.Lib.csproj", "{5E26CB3F-13AE-439B-8FA7-E68B0FA843CC}"
EndProject
Project("{9A19103F-16F7-4668-BE54-9A1E7A4F7556}") = "Tyuiu.PopovaAA.Sprint5.Task3.V22.Test", "Tyuiu.PopovaAA.Sprint5.Task3.V22.Test\Tyuiu.PopovaAA.Sprint5.Task3.V22.Test.csproj", "{7CF9420C-646E-4F8A-A2D4-A3EE8ECC8EAA}"
EndProject
Project("{2150E333-8FDC-42A3-9474-1A3956D46DE8}") = "Task4", "Task4", "{30606163-8353-4A67-90D7-094DEFBA8B08}"
EndProject
Project("{9A19103F-16F7-4668-BE54-9A1E7A4F7556}") = "Tyuiu.PopovaAA.Sprint5.Task4.V2", "Tyuiu.PopovaAA.Sprint5.Task4.V2\Tyuiu.PopovaAA.Sprint5.Task4.V2.csproj", "{DDDC6F74-F29D-45EC-9F75-BADE7C445F55}"
EndProject
Project("{9A19103F-16F7-4668-BE54-9A1E7A4F7556}") = "Tyuiu.PopovaAA.Sprint5.Task4.V2.Lib", "Tyuiu.PopovaAA.Sprint5.Task4.V2.Lib\Tyuiu.PopovaAA.Sprint5.Task4.V2.Lib.csproj", "{9A5122DA-EB4C-4BD5-9CDC-A9FC8F22E9A2}"
EndProject
Project("{9A19103F-16F7-4668-BE54-9A1E7A4F7556}") = "Tyuiu.PopovaAA.Sprint5.Task4.V2.Test", "Tyuiu.PopovaAA.Sprint5.Task4.V2.Test\Tyuiu.PopovaAA.Sprint5.Task4.V2.Test.csproj", "{FD0D1A87-7EAD-47F2-A497-96F7C4C9FBF6}"
EndProject
Project("{2150E333-8FDC-42A3-9474-1A3956D46DE8}") = "Task5", "Task5", "{0368927A-4FF4-4D35-9149-80174338AA45}"
EndProject
Project("{9A19103F-16F7-4668-BE54-9A1E7A4F7556}") = "Tyuiu.PopovaAA.Sprint5.Task5.V27", "Tyuiu.PopovaAA.Sprint5.Task5.V27\Tyuiu.PopovaAA.Sprint5.Task5.V27.csproj", "{9F85146E-3AAD-48CD-9F95-71556F04DF2B}"
EndProject
Project("{9A19103F-16F7-4668-BE54-9A1E7A4F7556}") = "Tyuiu.PopovaAA.Sprint5.Task5.V27.Lib", "Tyuiu.PopovaAA.Sprint5.Task5.V27.Lib\Tyuiu.PopovaAA.Sprint5.Task5.V27.Lib.csproj", "{3E927042-6463-4E28-9E39-94BF4CFC7977}"
EndProject
Project("{9A19103F-16F7-4668-BE54-9A1E7A4F7556}") = "Tyuiu.PopovaAA.Sprint5.Task5.V27.Test", "Tyuiu.PopovaAA.Sprint5.Task5.V27.Test\Tyuiu.PopovaAA.Sprint5.Task5.V27.Test.csproj", "{17592ED9-E2B9-418B-B2A6-78E8A62738ED}"
EndProject
Project("{2150E333-8FDC-42A3-9474-1A3956D46DE8}") = "Task6", "Task6", "{6EA9453D-A4CC-470D-8A0D-C19EC2771760}"
EndProject
Project("{9A19103F-16F7-4668-BE54-9A1E7A4F7556}") = "Tyuiu.PopovaAA.Sprint5.Task6.V13", "Tyuiu.PopovaAA.Sprint5.Task6.V13\Tyuiu.PopovaAA.Sprint5.Task6.V13.csproj", "{7CA506CD-6FF5-48E4-8019-43F2A3D388C4}"
EndProject
Project("{9A19103F-16F7-4668-BE54-9A1E7A4F7556}") = "Tyuiu.PopovaAA.Sprint5.Task6.V13.Lib", "Tyuiu.PopovaAA.Sprint5.Task6.V13.Lib\Tyuiu.PopovaAA.Sprint5.Task6.V13.Lib.csproj", "{FD932DAC-9031-4467-AE52-31F008DF4388}"
EndProject
Project("{9A19103F-16F7-4668-BE54-9A1E7A4F7556}") = "Tyuiu.PopovaAA.Sprint5.Task6.V13.Test", "Tyuiu.PopovaAA.Sprint5.Task6.V13.Test\Tyuiu.PopovaAA.Sprint5.Task6.V13.Test.csproj", "{88B10C21-1141-460F-8004-64FA3CA694EA}"
EndProject
Project("{2150E333-8FDC-42A3-9474-1A3956D46DE8}") = "Task7", "Task7", "{2A67A37A-C474-4A31-9176-6EDA4D5CF4A0}"
EndProject
Project("{FAE04EC0-301F-11D3-BF4B-00C04F79EFBC}") = "Tyuiu.PopovaAA.Sprint5.Task7.V14", "Tyuiu.PopovaAA.Sprint5.Task7.V14\Tyuiu.PopovaAA.Sprint5.Task7.V14.csproj", "{C017BADF-315C-4AAA-BF1A-05CB4D16A58D}"
EndProject
Project("{FAE04EC0-301F-11D3-BF4B-00C04F79EFBC}") = "Tyuiu.PopovaAA.Sprint5.Task7.V14.Lib", "Tyuiu.PopovaAA.Sprint5.Task7.V14.Lib\Tyuiu.PopovaAA.Sprint5.Task7.V14.Lib.csproj", "{6BCDD0B8-CED9-4EDD-AEF7-A5F12EB99D66}"
EndProject
Project("{FAE04EC0-301F-11D3-BF4B-00C04F79EFBC}") = "Tyuiu.PopovaAA.Sprint5.Task7.V14.Test", "Tyuiu.PopovaAA.Sprint5.Task7.V14.Test\Tyuiu.PopovaAA.Sprint5.Task7.V14.Test.csproj", "{0B12C997-4205-4C92-9BF5-DA0EB1AD8BCD}"
EndProject
Global
	GlobalSection(SolutionConfigurationPlatforms) = preSolution
		Debug|Any CPU = Debug|Any CPU
		Release|Any CPU = Release|Any CPU
	EndGlobalSection
	GlobalSection(ProjectConfigurationPlatforms) = postSolution
		{59DE01F9-1E20-4D2A-BFA6-29142046BBE3}.Debug|Any CPU.ActiveCfg = Debug|Any CPU
		{59DE01F9-1E20-4D2A-BFA6-29142046BBE3}.Debug|Any CPU.Build.0 = Debug|Any CPU
		{59DE01F9-1E20-4D2A-BFA6-29142046BBE3}.Release|Any CPU.ActiveCfg = Release|Any CPU
		{59DE01F9-1E20-4D2A-BFA6-29142046BBE3}.Release|Any CPU.Build.0 = Release|Any CPU
		{3D24E4C2-535D-44CB-8070-804E0AF2B752}.Debug|Any CPU.ActiveCfg = Debug|Any CPU
		{3D24E4C2-535D-44CB-8070-804E0AF2B752}.Debug|Any CPU.Build.0 = Debug|Any CPU
		{3D24E4C2-535D-44CB-8070-804E0AF2B752}.Release|Any CPU.ActiveCfg = Release|Any CPU
		{3D24E4C2-535D-44CB-8070-804E0AF2B752}.Release|Any CPU.Build.0 = Release|Any CPU
		{A9B17F73-E82A-4EE4-A2E7-88B76836147C}.Debug|Any CPU.ActiveCfg = Debug|Any CPU
		{A9B17F73-E82A-4EE4-A2E7-88B76836147C}.Debug|Any CPU.Build.0 = Debug|Any CPU
		{A9B17F73-E82A-4EE4-A2E7-88B76836147C}.Release|Any CPU.ActiveCfg = Release|Any CPU
		{A9B17F73-E82A-4EE4-A2E7-88B76836147C}.Release|Any CPU.Build.0 = Release|Any CPU
		{36790D86-5B15-41B2-91F2-AC06A13AE91A}.Debug|Any CPU.ActiveCfg = Debug|Any CPU
		{36790D86-5B15-41B2-91F2-AC06A13AE91A}.Debug|Any CPU.Build.0 = Debug|Any CPU
		{36790D86-5B15-41B2-91F2-AC06A13AE91A}.Release|Any CPU.ActiveCfg = Release|Any CPU
		{36790D86-5B15-41B2-91F2-AC06A13AE91A}.Release|Any CPU.Build.0 = Release|Any CPU
		{7A6A4F07-51BD-48BC-B09F-DB58F6FC049D}.Debug|Any CPU.ActiveCfg = Debug|Any CPU
		{7A6A4F07-51BD-48BC-B09F-DB58F6FC049D}.Debug|Any CPU.Build.0 = Debug|Any CPU
		{7A6A4F07-51BD-48BC-B09F-DB58F6FC049D}.Release|Any CPU.ActiveCfg = Release|Any CPU
		{7A6A4F07-51BD-48BC-B09F-DB58F6FC049D}.Release|Any CPU.Build.0 = Release|Any CPU
		{C888E4E3-3405-475E-AA09-E5A67A966953}.Debug|Any CPU.ActiveCfg = Debug|Any CPU
		{C888E4E3-3405-475E-AA09-E5A67A966953}.Debug|Any CPU.Build.0 = Debug|Any CPU
		{C888E4E3-3405-475E-AA09-E5A67A966953}.Release|Any CPU.ActiveCfg = Release|Any CPU
		{C888E4E3-3405-475E-AA09-E5A67A966953}.Release|Any CPU.Build.0 = Release|Any CPU
		{DAAB24F5-4675-4B16-8DF9-0245593B8F51}.Debug|Any CPU.ActiveCfg = Debug|Any CPU
		{DAAB24F5-4675-4B16-8DF9-0245593B8F51}.Debug|Any CPU.Build.0 = Debug|Any CPU
		{DAAB24F5-4675-4B16-8DF9-0245593B8F51}.Release|Any CPU.ActiveCfg = Release|Any CPU
		{DAAB24F5-4675-4B16-8DF9-0245593B8F51}.Release|Any CPU.Build.0 = Release|Any CPU
		{1FF28965-29A5-4008-A355-E35A4ADB0FF8}.Debug|Any CPU.ActiveCfg = Debug|Any CPU
		{1FF28965-29A5-4008-A355-E35A4ADB0FF8}.Debug|Any CPU.Build.0 = Debug|Any CPU
		{1FF28965-29A5-4008-A355-E35A4ADB0FF8}.Release|Any CPU.ActiveCfg = Release|Any CPU
		{1FF28965-29A5-4008-A355-E35A4ADB0FF8}.Release|Any CPU.Build.0 = Release|Any CPU
		{C0958744-BEED-4A43-9CFB-B72AD0E867F0}.Debug|Any CPU.ActiveCfg = Debug|Any CPU
		{C0958744-BEED-4A43-9CFB-B72AD0E867F0}.Debug|Any CPU.Build.0 = Debug|Any CPU
		{C0958744-BEED-4A43-9CFB-B72AD0E867F0}.Release|Any CPU.ActiveCfg = Release|Any CPU
		{C0958744-BEED-4A43-9CFB-B72AD0E867F0}.Release|Any CPU.Build.0 = Release|Any CPU
		{49F2B4C4-5AAA-4C41-A338-554280DCA423}.Debug|Any CPU.ActiveCfg = Debug|Any CPU
		{49F2B4C4-5AAA-4C41-A338-554280DCA423}.Debug|Any CPU.Build.0 = Debug|Any CPU
		{49F2B4C4-5AAA-4C41-A338-554280DCA423}.Release|Any CPU.ActiveCfg = Release|Any CPU
		{49F2B4C4-5AAA-4C41-A338-554280DCA423}.Release|Any CPU.Build.0 = Release|Any CPU
		{5E26CB3F-13AE-439B-8FA7-E68B0FA843CC}.Debug|Any CPU.ActiveCfg = Debug|Any CPU
		{5E26CB3F-13AE-439B-8FA7-E68B0FA843CC}.Debug|Any CPU.Build.0 = Debug|Any CPU
		{5E26CB3F-13AE-439B-8FA7-E68B0FA843CC}.Release|Any CPU.ActiveCfg = Release|Any CPU
		{5E26CB3F-13AE-439B-8FA7-E68B0FA843CC}.Release|Any CPU.Build.0 = Release|Any CPU
		{7CF9420C-646E-4F8A-A2D4-A3EE8ECC8EAA}.Debug|Any CPU.ActiveCfg = Debug|Any CPU
		{7CF9420C-646E-4F8A-A2D4-A3EE8ECC8EAA}.Debug|Any CPU.Build.0 = Debug|Any CPU
		{7CF9420C-646E-4F8A-A2D4-A3EE8ECC8EAA}.Release|Any CPU.ActiveCfg = Release|Any CPU
		{7CF9420C-646E-4F8A-A2D4-A3EE8ECC8EAA}.Release|Any CPU.Build.0 = Release|Any CPU
		{DDDC6F74-F29D-45EC-9F75-BADE7C445F55}.Debug|Any CPU.ActiveCfg = Debug|Any CPU
		{DDDC6F74-F29D-45EC-9F75-BADE7C445F55}.Debug|Any CPU.Build.0 = Debug|Any CPU
		{DDDC6F74-F29D-45EC-9F75-BADE7C445F55}.Release|Any CPU.ActiveCfg = Release|Any CPU
		{DDDC6F74-F29D-45EC-9F75-BADE7C445F55}.Release|Any CPU.Build.0 = Release|Any CPU
		{9A5122DA-EB4C-4BD5-9CDC-A9FC8F22E9A2}.Debug|Any CPU.ActiveCfg = Debug|Any CPU
		{9A5122DA-EB4C-4BD5-9CDC-A9FC8F22E9A2}.Debug|Any CPU.Build.0 = Debug|Any CPU
		{9A5122DA-EB4C-4BD5-9CDC-A9FC8F22E9A2}.Release|Any CPU.ActiveCfg = Release|Any CPU
		{9A5122DA-EB4C-4BD5-9CDC-A9FC8F22E9A2}.Release|Any CPU.Build.0 = Release|Any CPU
		{FD0D1A87-7EAD-47F2-A497-96F7C4C9FBF6}.Debug|Any CPU.ActiveCfg = Debug|Any CPU
		{FD0D1A87-7EAD-47F2-A497-96F7C4C9FBF6}.Debug|Any CPU.Build.0 = Debug|Any CPU
		{FD0D1A87-7EAD-47F2-A497-96F7C4C9FBF6}.Release|Any CPU.ActiveCfg = Release|Any CPU
		{FD0D1A87-7EAD-47F2-A497-96F7C4C9FBF6}.Release|Any CPU.Build.0 = Release|Any CPU
		{9F85146E-3AAD-48CD-9F95-71556F04DF2B}.Debug|Any CPU.ActiveCfg = Debug|Any CPU
		{9F85146E-3AAD-48CD-9F95-71556F04DF2B}.Debug|Any CPU.Build.0 = Debug|Any CPU
		{9F85146E-3AAD-48CD-9F95-71556F04DF2B}.Release|Any CPU.ActiveCfg = Release|Any CPU
		{9F85146E-3AAD-48CD-9F95-71556F04DF2B}.Release|Any CPU.Build.0 = Release|Any CPU
		{3E927042-6463-4E28-9E39-94BF4CFC7977}.Debug|Any CPU.ActiveCfg = Debug|Any CPU
		{3E927042-6463-4E28-9E39-94BF4CFC7977}.Debug|Any CPU.Build.0 = Debug|Any CPU
		{3E927042-6463-4E28-9E39-94BF4CFC7977}.Release|Any CPU.ActiveCfg = Release|Any CPU
		{3E927042-6463-4E28-9E39-94BF4CFC7977}.Release|Any CPU.Build.0 = Release|Any CPU
		{17592ED9-E2B9-418B-B2A6-78E8A62738ED}.Debug|Any CPU.ActiveCfg = Debug|Any CPU
		{17592ED9-E2B9-418B-B2A6-78E8A62738ED}.Debug|Any CPU.Build.0 = Debug|Any CPU
		{17592ED9-E2B9-418B-B2A6-78E8A62738ED}.Release|Any CPU.ActiveCfg = Release|Any CPU
		{17592ED9-E2B9-418B-B2A6-78E8A62738ED}.Release|Any CPU.Build.0 = Release|Any CPU
		{7CA506CD-6FF5-48E4-8019-43F2A3D388C4}.Debug|Any CPU.ActiveCfg = Debug|Any CPU
		{7CA506CD-6FF5-48E4-8019-43F2A3D388C4}.Debug|Any CPU.Build.0 = Debug|Any CPU
		{7CA506CD-6FF5-48E4-8019-43F2A3D388C4}.Release|Any CPU.ActiveCfg = Release|Any CPU
		{7CA506CD-6FF5-48E4-8019-43F2A3D388C4}.Release|Any CPU.Build.0 = Release|Any CPU
		{FD932DAC-9031-4467-AE52-31F008DF4388}.Debug|Any CPU.ActiveCfg = Debug|Any CPU
		{FD932DAC-9031-4467-AE52-31F008DF4388}.Debug|Any CPU.Build.0 = Debug|Any CPU
		{FD932DAC-9031-4467-AE52-31F008DF4388}.Release|Any CPU.ActiveCfg = Release|Any CPU
		{FD932DAC-9031-4467-AE52-31F008DF4388}.Release|Any CPU.Build.0 = Release|Any CPU
		{88B10C21-1141-460F-8004-64FA3CA694EA}.Debug|Any CPU.ActiveCfg = Debug|Any CPU
		{88B10C21-1141-460F-8004-64FA3CA694EA}.Debug|Any CPU.Build.0 = Debug|Any CPU
		{88B10C21-1141-460F-8004-64FA3CA694EA}.Release|Any CPU.ActiveCfg = Release|Any CPU
		{88B10C21-1141-460F-8004-64FA3CA694EA}.Release|Any CPU.Build.0 = Release|Any CPU
		{C017BADF-315C-4AAA-BF1A-05CB4D16A58D}.Debug|Any CPU.ActiveCfg = Debug|Any CPU
		{C017BADF-315C-4AAA-BF1A-05CB4D16A58D}.Debug|Any CPU.Build.0 = Debug|Any CPU
		{C017BADF-315C-4AAA-BF1A-05CB4D16A58D}.Release|Any CPU.ActiveCfg = Release|Any CPU
		{C017BADF-315C-4AAA-BF1A-05CB4D16A58D}.Release|Any CPU.Build.0 = Release|Any CPU
		{6BCDD0B8-CED9-4EDD-AEF7-A5F12EB99D66}.Debug|Any CPU.ActiveCfg = Debug|Any CPU
		{6BCDD0B8-CED9-4EDD-AEF7-A5F12EB99D66}.Debug|Any CPU.Build.0 = Debug|Any CPU
		{6BCDD0B8-CED9-4EDD-AEF7-A5F12EB99D66}.Release|Any CPU.ActiveCfg = Release|Any CPU
		{6BCDD0B8-CED9-4EDD-AEF7-A5F12EB99D66}.Release|Any CPU.Build.0 = Release|Any CPU
		{0B12C997-4205-4C92-9BF5-DA0EB1AD8BCD}.Debug|Any CPU.ActiveCfg = Debug|Any CPU
		{0B12C997-4205-4C92-9BF5-DA0EB1AD8BCD}.Debug|Any CPU.Build.0 = Debug|Any CPU
		{0B12C997-4205-4C92-9BF5-DA0EB1AD8BCD}.Release|Any CPU.ActiveCfg = Release|Any CPU
		{0B12C997-4205-4C92-9BF5-DA0EB1AD8BCD}.Release|Any CPU.Build.0 = Release|Any CPU
	EndGlobalSection
	GlobalSection(SolutionProperties) = preSolution
		HideSolutionNode = FALSE
	EndGlobalSection
	GlobalSection(NestedProjects) = preSolution
		{59DE01F9-1E20-4D2A-BFA6-29142046BBE3} = {1E58670A-737E-4536-A4B5-A68B9C8A6F4F}
		{3D24E4C2-535D-44CB-8070-804E0AF2B752} = {1E58670A-737E-4536-A4B5-A68B9C8A6F4F}
		{A9B17F73-E82A-4EE4-A2E7-88B76836147C} = {1E58670A-737E-4536-A4B5-A68B9C8A6F4F}
		{36790D86-5B15-41B2-91F2-AC06A13AE91A} = {AAB2BEA8-FC56-4660-90C4-5503C2BFE1D1}
		{7A6A4F07-51BD-48BC-B09F-DB58F6FC049D} = {AAB2BEA8-FC56-4660-90C4-5503C2BFE1D1}
		{C888E4E3-3405-475E-AA09-E5A67A966953} = {AAB2BEA8-FC56-4660-90C4-5503C2BFE1D1}
		{DAAB24F5-4675-4B16-8DF9-0245593B8F51} = {54364C0C-A8B1-4632-8864-9618F1E7A09D}
		{1FF28965-29A5-4008-A355-E35A4ADB0FF8} = {54364C0C-A8B1-4632-8864-9618F1E7A09D}
		{C0958744-BEED-4A43-9CFB-B72AD0E867F0} = {54364C0C-A8B1-4632-8864-9618F1E7A09D}
		{49F2B4C4-5AAA-4C41-A338-554280DCA423} = {5000681D-ECE8-4756-8E32-0B890CE6E9AD}
		{5E26CB3F-13AE-439B-8FA7-E68B0FA843CC} = {5000681D-ECE8-4756-8E32-0B890CE6E9AD}
		{7CF9420C-646E-4F8A-A2D4-A3EE8ECC8EAA} = {5000681D-ECE8-4756-8E32-0B890CE6E9AD}
		{DDDC6F74-F29D-45EC-9F75-BADE7C445F55} = {30606163-8353-4A67-90D7-094DEFBA8B08}
		{9A5122DA-EB4C-4BD5-9CDC-A9FC8F22E9A2} = {30606163-8353-4A67-90D7-094DEFBA8B08}
		{FD0D1A87-7EAD-47F2-A497-96F7C4C9FBF6} = {30606163-8353-4A67-90D7-094DEFBA8B08}
		{9F85146E-3AAD-48CD-9F95-71556F04DF2B} = {0368927A-4FF4-4D35-9149-80174338AA45}
		{3E927042-6463-4E28-9E39-94BF4CFC7977} = {0368927A-4FF4-4D35-9149-80174338AA45}
		{17592ED9-E2B9-418B-B2A6-78E8A62738ED} = {0368927A-4FF4-4D35-9149-80174338AA45}
		{7CA506CD-6FF5-48E4-8019-43F2A3D388C4} = {6EA9453D-A4CC-470D-8A0D-C19EC2771760}
		{FD932DAC-9031-4467-AE52-31F008DF4388} = {6EA9453D-A4CC-470D-8A0D-C19EC2771760}
		{88B10C21-1141-460F-8004-64FA3CA694EA} = {6EA9453D-A4CC-470D-8A0D-C19EC2771760}
		{C017BADF-315C-4AAA-BF1A-05CB4D16A58D} = {2A67A37A-C474-4A31-9176-6EDA4D5CF4A0}
		{6BCDD0B8-CED9-4EDD-AEF7-A5F12EB99D66} = {2A67A37A-C474-4A31-9176-6EDA4D5CF4A0}
		{0B12C997-4205-4C92-9BF5-DA0EB1AD8BCD} = {2A67A37A-C474-4A31-9176-6EDA4D5CF4A0}
	EndGlobalSection
	GlobalSection(ExtensibilityGlobals) = postSolution
		SolutionGuid = {D6F79BFB-61C2-418B-8BA0-DB8F5F45E4D2}
	EndGlobalSection
EndGlobal
